
Microsoft Visual Studio Solution File, Format Version 12.00
# Visual Studio Version 17
VisualStudioVersion = 17.13.35806.99 d17.13
MinimumVisualStudioVersion = 10.0.40219.1
Project("{FAE04EC0-301F-11D3-BF4B-00C04F79EFBC}") = "EcommApp", "EcommApp.csproj", "{40EEB416-8EA0-815C-4F68-B0D696F4A435}"
EndProject
Global
	GlobalSection(SolutionConfigurationPlatforms) = preSolution
		Debug|Any CPU = Debug|Any CPU
		Release|Any CPU = Release|Any CPU
	EndGlobalSection
	GlobalSection(ProjectConfigurationPlatforms) = postSolution
		{40EEB416-8EA0-815C-4F68-B0D696F4A435}.Debug|Any CPU.ActiveCfg = Debug|Any CPU
		{40EEB416-8EA0-815C-4F68-B0D696F4A435}.Debug|Any CPU.Build.0 = Debug|Any CPU
		{40EEB416-8EA0-815C-4F68-B0D696F4A435}.Release|Any CPU.ActiveCfg = Release|Any CPU
		{40EEB416-8EA0-815C-4F68-B0D696F4A435}.Release|Any CPU.Build.0 = Release|Any CPU
	EndGlobalSection
	GlobalSection(SolutionProperties) = preSolution
		HideSolutionNode = FALSE
	EndGlobalSection
	GlobalSection(ExtensibilityGlobals) = postSolution
		SolutionGuid = {5019D646-3F77-4FD4-84B9-A3783DE91182}
	EndGlobalSection
EndGlobal
